PODS:
  - AFNetworking (3.1.0):
    - AFNetworking/NSURLSession (= 3.1.0)
    - AFNetworking/Reachability (= 3.1.0)
    - AFNetworking/Security (= 3.1.0)
    - AFNetworking/Serialization (= 3.1.0)
    - AFNetworking/UIKit (= 3.1.0)
  - AFNetworking/NSURLSession (3.1.0):
    - AFNetworking/Reachability
    - AFNetworking/Security
    - AFNetworking/Serialization
  - AFNetworking/Reachability (3.1.0)
  - AFNetworking/Security (3.1.0)
  - AFNetworking/Serialization (3.1.0)
  - AFNetworking/UIKit (3.1.0):
    - AFNetworking/NSURLSession
  - AHKActionSheet (0.5.4)
  - FBSnapshotTestCase (2.1.4):
    - FBSnapshotTestCase/SwiftSupport (= 2.1.4)
  - FBSnapshotTestCase/Core (2.1.4)
  - FBSnapshotTestCase/SwiftSupport (2.1.4):
    - FBSnapshotTestCase/Core
  - FMDB (2.6.2):
    - FMDB/standard (= 2.6.2)
  - FMDB/standard (2.6.2)
  - IAPHelper (1.1)
  - Masonry (1.0.2)
  - pop (1.0.9)
  - SCLAlertView-Objective-C (1.0.6)
  - SDWebImage (3.8.2):
    - SDWebImage/Core (= 3.8.2)
  - SDWebImage/Core (3.8.2)
  - SVProgressHUD (2.0.3)
  - YHBase (1.8.0):
    - AFNetworking
    - AHKActionSheet
    - FMDB
    - IAPHelper
    - Masonry
    - pop
    - SCLAlertView-Objective-C
    - SDWebImage
    - SVProgressHUD

DEPENDENCIES:
  - FBSnapshotTestCase
  - YHBase (from `../`)

EXTERNAL SOURCES:
  YHBase:
    :path: ../

SPEC CHECKSUMS:
  AFNetworking: 5e0e199f73d8626b11e79750991f5d173d1f8b67
  AHKActionSheet: f0b312b5c689f72924d231c39dae140ecd5c1d46
  FBSnapshotTestCase: 094f9f314decbabe373b87cc339bea235a63e07a
  FMDB: 854a0341b4726e53276f2a8996f06f1b80f9259a
  IAPHelper: fd74f53b0ac142eed085777b88b86a11746a2dd4
  Masonry: 7c429b56da9d4ee0bbb3ed77a5ea710d6a5df39e
  pop: f667631a5108a2e60d9e8797c9b32ddaf2080bce
  SCLAlertView-Objective-C: ca78280817e66e74366b78579350dee2ff277e23
  SDWebImage: 098e97e6176540799c27e804c96653ee0833d13c
  SVProgressHUD: b0830714205bea1317ea1a2ebc71e5633af334d4
  YHBase: da5caa9e4c5d0c1ab14fd8b0d9fcb5df56ea6cfe

PODFILE CHECKSUM: 630cc83919aacbd193a5db4fa61e1ab8c3461322

COCOAPODS: 1.0.1
